
Microsoft Visual Studio Solution File, Format Version 12.00
# Visual Studio 15
VisualStudioVersion = 15.0.27703.2000
MinimumVisualStudioVersion = 10.0.40219.1
Project("{FAE04EC0-301F-11D3-BF4B-00C04F79EFBC}") = "DemoOnArrays", "DemoOnArrays\DemoOnArrays.csproj", "{5D130D66-DEB0-4F03-BC22-136A057425B1}"
EndProject
Global
	GlobalSection(SolutionConfigurationPlatforms) = preSolution
		Debug|Any CPU = Debug|Any CPU
		Release|Any CPU = Release|Any CPU
	EndGlobalSection
	GlobalSection(ProjectConfigurationPlatforms) = postSolution
		{5D130D66-DEB0-4F03-BC22-136A057425B1}.Debug|Any CPU.ActiveCfg = Debug|Any CPU
		{5D130D66-DEB0-4F03-BC22-136A057425B1}.Debug|Any CPU.Build.0 = Debug|Any CPU
		{5D130D66-DEB0-4F03-BC22-136A057425B1}.Release|Any CPU.ActiveCfg = Release|Any CPU
		{5D130D66-DEB0-4F03-BC22-136A057425B1}.Release|Any CPU.Build.0 = Release|Any CPU
	EndGlobalSection
	GlobalSection(SolutionProperties) = preSolution
		HideSolutionNode = FALSE
	EndGlobalSection
	GlobalSection(ExtensibilityGlobals) = postSolution
		SolutionGuid = {10DD5B4F-303C-4755-A3AC-55F83CBD94C3}
	EndGlobalSection
EndGlobal
