
Microsoft Visual Studio Solution File, Format Version 12.00
# Visual Studio 15
VisualStudioVersion = 15.0.27703.2000
MinimumVisualStudioVersion = 10.0.40219.1
Project("{FAE04EC0-301F-11D3-BF4B-00C04F79EFBC}") = "timeSpanDemo", "timeSpanDemo\timeSpanDemo.csproj", "{FB09F514-8D01-4AF7-A038-BAABC03F8928}"
EndProject
Global
	GlobalSection(SolutionConfigurationPlatforms) = preSolution
		Debug|Any CPU = Debug|Any CPU
		Release|Any CPU = Release|Any CPU
	EndGlobalSection
	GlobalSection(ProjectConfigurationPlatforms) = postSolution
		{FB09F514-8D01-4AF7-A038-BAABC03F8928}.Debug|Any CPU.ActiveCfg = Debug|Any CPU
		{FB09F514-8D01-4AF7-A038-BAABC03F8928}.Debug|Any CPU.Build.0 = Debug|Any CPU
		{FB09F514-8D01-4AF7-A038-BAABC03F8928}.Release|Any CPU.ActiveCfg = Release|Any CPU
		{FB09F514-8D01-4AF7-A038-BAABC03F8928}.Release|Any CPU.Build.0 = Release|Any CPU
	EndGlobalSection
	GlobalSection(SolutionProperties) = preSolution
		HideSolutionNode = FALSE
	EndGlobalSection
	GlobalSection(ExtensibilityGlobals) = postSolution
		SolutionGuid = {FA7D16A5-6FD8-401B-83A7-F73DD4F86676}
	EndGlobalSection
EndGlobal
