
Microsoft Visual Studio Solution File, Format Version 12.00
# Visual Studio 15
VisualStudioVersion = 15.0.27703.2000
MinimumVisualStudioVersion = 10.0.40219.1
Project("{FAE04EC0-301F-11D3-BF4B-00C04F79EFBC}") = "ExampleSwitchCase", "ExampleSwitchCase\ExampleSwitchCase.csproj", "{CDBDAFD2-1825-42CE-9119-E80DA3626628}"
EndProject
Global
	GlobalSection(SolutionConfigurationPlatforms) = preSolution
		Debug|Any CPU = Debug|Any CPU
		Release|Any CPU = Release|Any CPU
	EndGlobalSection
	GlobalSection(ProjectConfigurationPlatforms) = postSolution
		{CDBDAFD2-1825-42CE-9119-E80DA3626628}.Debug|Any CPU.ActiveCfg = Debug|Any CPU
		{CDBDAFD2-1825-42CE-9119-E80DA3626628}.Debug|Any CPU.Build.0 = Debug|Any CPU
		{CDBDAFD2-1825-42CE-9119-E80DA3626628}.Release|Any CPU.ActiveCfg = Release|Any CPU
		{CDBDAFD2-1825-42CE-9119-E80DA3626628}.Release|Any CPU.Build.0 = Release|Any CPU
	EndGlobalSection
	GlobalSection(SolutionProperties) = preSolution
		HideSolutionNode = FALSE
	EndGlobalSection
	GlobalSection(ExtensibilityGlobals) = postSolution
		SolutionGuid = {949BAC65-4B11-4F3E-B095-A30DDCF711B3}
	EndGlobalSection
EndGlobal
