
Microsoft Visual Studio Solution File, Format Version 12.00
# Visual Studio 15
VisualStudioVersion = 15.0.27703.2000
MinimumVisualStudioVersion = 10.0.40219.1
Project("{FAE04EC0-301F-11D3-BF4B-00C04F79EFBC}") = "DemoWhileLoop", "DemoWhileLoop\DemoWhileLoop.csproj", "{FE132BF7-9A97-407C-8A9D-FA5D8CA62A4E}"
EndProject
Global
	GlobalSection(SolutionConfigurationPlatforms) = preSolution
		Debug|Any CPU = Debug|Any CPU
		Release|Any CPU = Release|Any CPU
	EndGlobalSection
	GlobalSection(ProjectConfigurationPlatforms) = postSolution
		{FE132BF7-9A97-407C-8A9D-FA5D8CA62A4E}.Debug|Any CPU.ActiveCfg = Debug|Any CPU
		{FE132BF7-9A97-407C-8A9D-FA5D8CA62A4E}.Debug|Any CPU.Build.0 = Debug|Any CPU
		{FE132BF7-9A97-407C-8A9D-FA5D8CA62A4E}.Release|Any CPU.ActiveCfg = Release|Any CPU
		{FE132BF7-9A97-407C-8A9D-FA5D8CA62A4E}.Release|Any CPU.Build.0 = Release|Any CPU
	EndGlobalSection
	GlobalSection(SolutionProperties) = preSolution
		HideSolutionNode = FALSE
	EndGlobalSection
	GlobalSection(ExtensibilityGlobals) = postSolution
		SolutionGuid = {B45D1458-411C-4495-AE5D-02B748A94BC4}
	EndGlobalSection
EndGlobal
